// !$*UTF8*$!
{
	archiveVersion = 1;
	classes = {
	};
	objectVersion = 55;
	objects = {

/* Begin PBXBuildFile section */
		E10167E128396F0A007BE0BD /* Activity_TrackerApp.swift in Sources */ = {isa = PBXBuildFile; fileRef = E10167E028396F0A007BE0BD /* Activity_TrackerApp.swift */; };
		E10167E328396F0A007BE0BD /* ContentView.swift in Sources */ = {isa = PBXBuildFile; fileRef = E10167E228396F0A007BE0BD /* ContentView.swift */; };
		E10167E528396F0E007BE0BD /* Assets.xcassets in Resources */ = {isa = PBXBuildFile; fileRef = E10167E428396F0E007BE0BD /* Assets.xcassets */; };
		E10167E828396F0E007BE0BD /* Preview Assets.xcassets in Resources */ = {isa = PBXBuildFile; fileRef = E10167E728396F0E007BE0BD /* Preview Assets.xcassets */; };
		E1C6C872283B4203000906AE /* Activities.xcdatamodeld in Sources */ = {isa = PBXBuildFile; fileRef = E1C6C870283B4203000906AE /* Activities.xcdatamodeld */; };
		E1C6C875283B4458000906AE /* Activity+CoreDataClass.swift in Sources */ = {isa = PBXBuildFile; fileRef = E1C6C873283B4458000906AE /* Activity+CoreDataClass.swift */; };
		E1C6C876283B4458000906AE /* Activity+CoreDataProperties.swift in Sources */ = {isa = PBXBuildFile; fileRef = E1C6C874283B4458000906AE /* Activity+CoreDataProperties.swift */; };
		E1C6C878283B473E000906AE /* CoreDataManager.swift in Sources */ = {isa = PBXBuildFile; fileRef = E1C6C877283B473E000906AE /* CoreDataManager.swift */; };
/* End PBXBuildFile section */

/* Begin PBXFileReference section */
		E10167DD28396F0A007BE0BD /* Activity Tracker.app */ = {isa = PBXFileReference; explicitFileType = wrapper.application; includeInIndex = 0; path = "Activity Tracker.app"; sourceTree = BUILT_PRODUCTS_DIR; };
		E10167E028396F0A007BE0BD /* Activity_TrackerApp.swift */ = {isa = PBXFileReference; lastKnownFileType = sourcecode.swift; path = Activity_TrackerApp.swift; sourceTree = "<group>"; };
		E10167E228396F0A007BE0BD /* ContentView.swift */ = {isa = PBXFileReference; lastKnownFileType = sourcecode.swift; path = ContentView.swift; sourceTree = "<group>"; };
		E10167E428396F0E007BE0BD /* Assets.xcassets */ = {isa = PBXFileReference; lastKnownFileType = folder.assetcatalog; path = Assets.xcassets; sourceTree = "<group>"; };
		E10167E728396F0E007BE0BD /* Preview Assets.xcassets */ = {isa = PBXFileReference; lastKnownFileType = folder.assetcatalog; path = "Preview Assets.xcassets"; sourceTree = "<group>"; };
		E1C6C871283B4203000906AE /* Activities.xcdatamodel */ = {isa = PBXFileReference; lastKnownFileType = wrapper.xcdatamodel; path = Activities.xcdatamodel; sourceTree = "<group>"; };
		E1C6C873283B4458000906AE /* Activity+CoreDataClass.swift */ = {isa = PBXFileReference; lastKnownFileType = sourcecode.swift; path = "Activity+CoreDataClass.swift"; sourceTree = "<group>"; };
		E1C6C874283B4458000906AE /* Activity+CoreDataProperties.swift */ = {isa = PBXFileReference; lastKnownFileType = sourcecode.swift; path = "Activity+CoreDataProperties.swift"; sourceTree = "<group>"; };
		E1C6C877283B473E000906AE /* CoreDataManager.swift */ = {isa = PBXFileReference; lastKnownFileType = sourcecode.swift; path = CoreDataManager.swift; sourceTree = "<group>"; };
/* End PBXFileReference section */

/* Begin PBXFrameworksBuildPhase section */
		E10167DA28396F09007BE0BD /* Frameworks */ = {
			isa = PBXFrameworksBuildPhase;
			buildActionMask = 2147483647;
			files = (
			);
			runOnlyForDeploymentPostprocessing = 0;
		};
/* End PBXFrameworksBuildPhase section */

/* Begin PBXGroup section */
		E10167D428396F09007BE0BD = {
			isa = PBXGroup;
			children = (
				E10167DF28396F0A007BE0BD /* Activity Tracker */,
				E10167DE28396F0A007BE0BD /* Products */,
			);
			sourceTree = "<group>";
		};
		E10167DE28396F0A007BE0BD /* Products */ = {
			isa = PBXGroup;
			children = (
				E10167DD28396F0A007BE0BD /* Activity Tracker.app */,
			);
			name = Products;
			sourceTree = "<group>";
		};
		E10167DF28396F0A007BE0BD /* Activity Tracker */ = {
			isa = PBXGroup;
			children = (
				E1C6C86F283B41C5000906AE /* Models */,
				E10167E028396F0A007BE0BD /* Activity_TrackerApp.swift */,
				E10167E228396F0A007BE0BD /* ContentView.swift */,
				E10167E428396F0E007BE0BD /* Assets.xcassets */,
				E10167E628396F0E007BE0BD /* Preview Content */,
			);
			path = "Activity Tracker";
			sourceTree = "<group>";
		};
		E10167E628396F0E007BE0BD /* Preview Content */ = {
			isa = PBXGroup;
			children = (
				E10167E728396F0E007BE0BD /* Preview Assets.xcassets */,
			);
			path = "Preview Content";
			sourceTree = "<group>";
		};
		E1C6C86F283B41C5000906AE /* Models */ = {
			isa = PBXGroup;
			children = (
				E1C6C873283B4458000906AE /* Activity+CoreDataClass.swift */,
				E1C6C874283B4458000906AE /* Activity+CoreDataProperties.swift */,
				E1C6C870283B4203000906AE /* Activities.xcdatamodeld */,
				E1C6C877283B473E000906AE /* CoreDataManager.swift */,
			);
			path = Models;
			sourceTree = "<group>";
		};
/* End PBXGroup section */

/* Begin PBXNativeTarget section */
		E10167DC28396F09007BE0BD /* Activity Tracker */ = {
			isa = PBXNativeTarget;
			buildConfigurationList = E10167EB28396F0E007BE0BD /* Build configuration list for PBXNativeTarget "Activity Tracker" */;
			buildPhases = (
				E10167D928396F09007BE0BD /* Sources */,
				E10167DA28396F09007BE0BD /* Frameworks */,
				E10167DB28396F09007BE0BD /* Resources */,
			);
			buildRules = (
			);
			dependencies = (
			);
			name = "Activity Tracker";
			productName = "Activity Tracker";
			productReference = E10167DD28396F0A007BE0BD /* Activity Tracker.app */;
			productType = "com.apple.product-type.application";
		};
/* End PBXNativeTarget section */

/* Begin PBXProject section */
		E10167D528396F09007BE0BD /* Project object */ = {
			isa = PBXProject;
			attributes = {
				BuildIndependentTargetsInParallel = 1;
				LastSwiftUpdateCheck = 1310;
				LastUpgradeCheck = 1310;
				TargetAttributes = {
					E10167DC28396F09007BE0BD = {
						CreatedOnToolsVersion = 13.1;
					};
				};
			};
			buildConfigurationList = E10167D828396F09007BE0BD /* Build configuration list for PBXProject "Activity Tracker" */;
			compatibilityVersion = "Xcode 13.0";
			developmentRegion = en;
			hasScannedForEncodings = 0;
			knownRegions = (
				en,
				Base,
			);
			mainGroup = E10167D428396F09007BE0BD;
			productRefGroup = E10167DE28396F0A007BE0BD /* Products */;
			projectDirPath = "";
			projectRoot = "";
			targets = (
				E10167DC28396F09007BE0BD /* Activity Tracker */,
			);
		};
/* End PBXProject section */

/* Begin PBXResourcesBuildPhase section */
		E10167DB28396F09007BE0BD /* Resources */ = {
			isa = PBXResourcesBuildPhase;
			buildActionMask = 2147483647;
			files = (
				E10167E828396F0E007BE0BD /* Preview Assets.xcassets in Resources */,
				E10167E528396F0E007BE0BD /* Assets.xcassets in Resources */,
			);
			runOnlyForDeploymentPostprocessing = 0;
		};
/* End PBXResourcesBuildPhase section */

/* Begin PBXSourcesBuildPhase section */
		E10167D928396F09007BE0BD /* Sources */ = {
			isa = PBXSourcesBuildPhase;
			buildActionMask = 2147483647;
			files = (
				E1C6C878283B473E000906AE /* CoreDataManager.swift in Sources */,
				E1C6C875283B4458000906AE /* Activity+CoreDataClass.swift in Sources */,
				E10167E328396F0A007BE0BD /* ContentView.swift in Sources */,
				E1C6C876283B4458000906AE /* Activity+CoreDataProperties.swift in Sources */,
				E1C6C872283B4203000906AE /* Activities.xcdatamodeld in Sources */,
				E10167E128396F0A007BE0BD /* Activity_TrackerApp.swift in Sources */,
			);
			runOnlyForDeploymentPostprocessing = 0;
		};
/* End PBXSourcesBuildPhase section */

/* Begin XCBuildConfiguration section */
		E10167E928396F0E007BE0BD /* Debug */ = {
			isa = XCBuildConfiguration;
			buildSettings = {
				ALWAYS_SEARCH_USER_PATHS = NO;
				CLANG_ANALYZER_NONNULL = YES;
				CLANG_ANALYZER_NUMBER_OBJECT_CONVERSION = YES_AGGRESSIVE;
				CLANG_CXX_LANGUAGE_STANDARD = "gnu++17";
				CLANG_CXX_LIBRARY = "libc++";
				CLANG_ENABLE_MODULES = YES;
				CLANG_ENABLE_OBJC_ARC = YES;
				CLANG_ENABLE_OBJC_WEAK = YES;
				CLANG_WARN_BLOCK_CAPTURE_AUTORELEASING = YES;
				CLANG_WARN_BOOL_CONVERSION = YES;
				CLANG_WARN_COMMA = YES;
				CLANG_WARN_CONSTANT_CONVERSION = YES;
				CLANG_WARN_DEPRECATED_OBJC_IMPLEMENTATIONS = YES;
				CLANG_WARN_DIRECT_OBJC_ISA_USAGE = YES_ERROR;
				CLANG_WARN_DOCUMENTATION_COMMENTS = YES;
				CLANG_WARN_EMPTY_BODY = YES;
				CLANG_WARN_ENUM_CONVERSION = YES;
				CLANG_WARN_INFINITE_RECURSION = YES;
				CLANG_WARN_INT_CONVERSION = YES;
				CLANG_WARN_NON_LITERAL_NULL_CONVERSION = YES;
				CLANG_WARN_OBJC_IMPLICIT_RETAIN_SELF = YES;
				CLANG_WARN_OBJC_LITERAL_CONVERSION = YES;
				CLANG_WARN_OBJC_ROOT_CLASS = YES_ERROR;
				CLANG_WARN_QUOTED_INCLUDE_IN_FRAMEWORK_HEADER = YES;
				CLANG_WARN_RANGE_LOOP_ANALYSIS = YES;
				CLANG_WARN_STRICT_PROTOTYPES = YES;
				CLANG_WARN_SUSPICIOUS_MOVE = YES;
				CLANG_WARN_UNGUARDED_AVAILABILITY = YES_AGGRESSIVE;
				CLANG_WARN_UNREACHABLE_CODE = YES;
				CLANG_WARN__DUPLICATE_METHOD_MATCH = YES;
				COPY_PHASE_STRIP = NO;
				DEBUG_INFORMATION_FORMAT = dwarf;
				ENABLE_STRICT_OBJC_MSGSEND = YES;
				ENABLE_TESTABILITY = YES;
				GCC_C_LANGUAGE_STANDARD = gnu11;
				GCC_DYNAMIC_NO_PIC = NO;
				GCC_NO_COMMON_BLOCKS = YES;
				GCC_OPTIMIZATION_LEVEL = 0;
				GCC_PREPROCESSOR_DEFINITIONS = (
					"DEBUG=1",
					"$(inherited)",
				);
				GCC_WARN_64_TO_32_BIT_CONVERSION = YES;
				GCC_WARN_ABOUT_RETURN_TYPE = YES_ERROR;
				GCC_WARN_UNDECLARED_SELECTOR = YES;
				GCC_WARN_UNINITIALIZED_AUTOS = YES_AGGRESSIVE;
				GCC_WARN_UNUSED_FUNCTION = YES;
				GCC_WARN_UNUSED_VARIABLE = YES;
				IPHONEOS_DEPLOYMENT_TARGET = 15.0;
				MTL_ENABLE_DEBUG_INFO = INCLUDE_SOURCE;
				MTL_FAST_MATH = YES;
				ONLY_ACTIVE_ARCH = YES;
				SDKROOT = iphoneos;
				SWIFT_ACTIVE_COMPILATION_CONDITIONS = DEBUG;
				SWIFT_OPTIMIZATION_LEVEL = "-Onone";
			};
			name = Debug;
		};
		E10167EA28396F0E007BE0BD /* Release */ = {
			isa = XCBuildConfiguration;
			buildSettings = {
				ALWAYS_SEARCH_USER_PATHS = NO;
				CLANG_ANALYZER_NONNULL = YES;
				CLANG_ANALYZER_NUMBER_OBJECT_CONVERSION = YES_AGGRESSIVE;
				CLANG_CXX_LANGUAGE_STANDARD = "gnu++17";
				CLANG_CXX_LIBRARY = "libc++";
				CLANG_ENABLE_MODULES = YES;
				CLANG_ENABLE_OBJC_ARC = YES;
				CLANG_ENABLE_OBJC_WEAK = YES;
				CLANG_WARN_BLOCK_CAPTURE_AUTORELEASING = YES;
				CLANG_WARN_BOOL_CONVERSION = YES;
				CLANG_WARN_COMMA = YES;
				CLANG_WARN_CONSTANT_CONVERSION = YES;
				CLANG_WARN_DEPRECATED_OBJC_IMPLEMENTATIONS = YES;
				CLANG_WARN_DIRECT_OBJC_ISA_USAGE = YES_ERROR;
				CLANG_WARN_DOCUMENTATION_COMMENTS = YES;
				CLANG_WARN_EMPTY_BODY = YES;
				CLANG_WARN_ENUM_CONVERSION = YES;
				CLANG_WARN_INFINITE_RECURSION = YES;
				CLANG_WARN_INT_CONVERSION = YES;
				CLANG_WARN_NON_LITERAL_NULL_CONVERSION = YES;
				CLANG_WARN_OBJC_IMPLICIT_RETAIN_SELF = YES;
				CLANG_WARN_OBJC_LITERAL_CONVERSION = YES;
				CLANG_WARN_OBJC_ROOT_CLASS = YES_ERROR;
				CLANG_WARN_QUOTED_INCLUDE_IN_FRAMEWORK_HEADER = YES;
				CLANG_WARN_RANGE_LOOP_ANALYSIS = YES;
				CLANG_WARN_STRICT_PROTOTYPES = YES;
				CLANG_WARN_SUSPICIOUS_MOVE = YES;
				CLANG_WARN_UNGUARDED_AVAILABILITY = YES_AGGRESSIVE;
				CLANG_WARN_UNREACHABLE_CODE = YES;
				CLANG_WARN__DUPLICATE_METHOD_MATCH = YES;
				COPY_PHASE_STRIP = NO;
				DEBUG_INFORMATION_FORMAT = "dwarf-with-dsym";
				ENABLE_NS_ASSERTIONS = NO;
				ENABLE_STRICT_OBJC_MSGSEND = YES;
				GCC_C_LANGUAGE_STANDARD = gnu11;
				GCC_NO_COMMON_BLOCKS = YES;
				GCC_WARN_64_TO_32_BIT_CONVERSION = YES;
				GCC_WARN_ABOUT_RETURN_TYPE = YES_ERROR;
				GCC_WARN_UNDECLARED_SELECTOR = YES;
				GCC_WARN_UNINITIALIZED_AUTOS = YES_AGGRESSIVE;
				GCC_WARN_UNUSED_FUNCTION = YES;
				GCC_WARN_UNUSED_VARIABLE = YES;
				IPHONEOS_DEPLOYMENT_TARGET = 15.0;
				MTL_ENABLE_DEBUG_INFO = NO;
				MTL_FAST_MATH = YES;
				SDKROOT = iphoneos;
				SWIFT_COMPILATION_MODE = wholemodule;
				SWIFT_OPTIMIZATION_LEVEL = "-O";
				VALIDATE_PRODUCT = YES;
			};
			name = Release;
		};
		E10167EC28396F0E007BE0BD /* Debug */ = {
			isa = XCBuildConfiguration;
			buildSettings = {
				ASSETCATALOG_COMPILER_APPICON_NAME = AppIcon;
				ASSETCATALOG_COMPILER_GLOBAL_ACCENT_COLOR_NAME = AccentColor;
				CODE_SIGN_STYLE = Automatic;
				CURRENT_PROJECT_VERSION = 1;
				DEVELOPMENT_ASSET_PATHS = "\"Activity Tracker/Preview Content\"";
				DEVELOPMENT_TEAM = 55K4BR3DQS;
				ENABLE_PREVIEWS = YES;
				GENERATE_INFOPLIST_FILE = YES;
				INFOPLIST_KEY_UIApplicationSceneManifest_Generation = YES;
				INFOPLIST_KEY_UIApplicationSupportsIndirectInputEvents = YES;
				INFOPLIST_KEY_UILaunchScreen_Generation = YES;
				INFOPLIST_KEY_UISupportedInterfaceOrientations_iPad = "UIInterfaceOrientationPortrait UIInterfaceOrientationPortraitUpsideDown UIInterfaceOrientationLandscapeLeft UIInterfaceOrientationLandscapeRight";
				INFOPLIST_KEY_UISupportedInterfaceOrientations_iPhone = "UIInterfaceOrientationPortrait UIInterfaceOrientationLandscapeLeft UIInterfaceOrientationLandscapeRight";
				LD_RUNPATH_SEARCH_PATHS = (
					"$(inherited)",
					"@executable_path/Frameworks",
				);
				MARKETING_VERSION = 1.0;
				PRODUCT_BUNDLE_IDENTIFIER = "Joshua-Varghese.Activity-Tracker";
				PRODUCT_NAME = "$(TARGET_NAME)";
				SWIFT_EMIT_LOC_STRINGS = YES;
				SWIFT_VERSION = 5.0;
				TARGETED_DEVICE_FAMILY = "1,2";
			};
			name = Debug;
		};
		E10167ED28396F0E007BE0BD /* Release */ = {
			isa = XCBuildConfiguration;
			buildSettings = {
				ASSETCATALOG_COMPILER_APPICON_NAME = AppIcon;
				ASSETCATALOG_COMPILER_GLOBAL_ACCENT_COLOR_NAME = AccentColor;
				CODE_SIGN_STYLE = Automatic;
				CURRENT_PROJECT_VERSION = 1;
				DEVELOPMENT_ASSET_PATHS = "\"Activity Tracker/Preview Content\"";
				DEVELOPMENT_TEAM = 55K4BR3DQS;
				ENABLE_PREVIEWS = YES;
				GENERATE_INFOPLIST_FILE = YES;
				INFOPLIST_KEY_UIApplicationSceneManifest_Generation = YES;
				INFOPLIST_KEY_UIApplicationSupportsIndirectInputEvents = YES;
				INFOPLIST_KEY_UILaunchScreen_Generation = YES;
				INFOPLIST_KEY_UISupportedInterfaceOrientations_iPad = "UIInterfaceOrientationPortrait UIInterfaceOrientationPortraitUpsideDown UIInterfaceOrientationLandscapeLeft UIInterfaceOrientationLandscapeRight";
				INFOPLIST_KEY_UISupportedInterfaceOrientations_iPhone = "UIInterfaceOrientationPortrait UIInterfaceOrientationLandscapeLeft UIInterfaceOrientationLandscapeRight";
				LD_RUNPATH_SEARCH_PATHS = (
					"$(inherited)",
					"@executable_path/Frameworks",
				);
				MARKETING_VERSION = 1.0;
				PRODUCT_BUNDLE_IDENTIFIER = "Joshua-Varghese.Activity-Tracker";
				PRODUCT_NAME = "$(TARGET_NAME)";
				SWIFT_EMIT_LOC_STRINGS = YES;
				SWIFT_VERSION = 5.0;
				TARGETED_DEVICE_FAMILY = "1,2";
			};
			name = Release;
		};
/* End XCBuildConfiguration section */

/* Begin XCConfigurationList section */
		E10167D828396F09007BE0BD /* Build configuration list for PBXProject "Activity Tracker" */ = {
			isa = XCConfigurationList;
			buildConfigurations = (
				E10167E928396F0E007BE0BD /* Debug */,
				E10167EA28396F0E007BE0BD /* Release */,
			);
			defaultConfigurationIsVisible = 0;
			defaultConfigurationName = Release;
		};
		E10167EB28396F0E007BE0BD /* Build configuration list for PBXNativeTarget "Activity Tracker" */ = {
			isa = XCConfigurationList;
			buildConfigurations = (
				E10167EC28396F0E007BE0BD /* Debug */,
				E10167ED28396F0E007BE0BD /* Release */,
			);
			defaultConfigurationIsVisible = 0;
			defaultConfigurationName = Release;
		};
/* End XCConfigurationList section */

/* Begin XCVersionGroup section */
		E1C6C870283B4203000906AE /* Activities.xcdatamodeld */ = {
			isa = XCVersionGroup;
			children = (
				E1C6C871283B4203000906AE /* Activities.xcdatamodel */,
			);
			currentVersion = E1C6C871283B4203000906AE /* Activities.xcdatamodel */;
			path = Activities.xcdatamodeld;
			sourceTree = "<group>";
			versionGroupType = wrapper.xcdatamodel;
		};
/* End XCVersionGroup section */
	};
	rootObject = E10167D528396F09007BE0BD /* Project object */;
}
